
Microsoft Visual Studio Solution File, Format Version 12.00
# Visual Studio Version 17
VisualStudioVersion = 17.0.31919.166
MinimumVisualStudioVersion = 10.0.40219.1
Project("{FAE04EC0-301F-11D3-BF4B-00C04F79EFBC}") = "FluentValidation.Console", "FluentValidation.Console\FluentValidation.Console.csproj", "{6E06681A-2D89-4ABE-BD53-10663426D811}"
EndProject
Global
	GlobalSection(SolutionConfigurationPlatforms) = preSolution
		Debug|Any CPU = Debug|Any CPU
		Release|Any CPU = Release|Any CPU
	EndGlobalSection
	GlobalSection(ProjectConfigurationPlatforms) = postSolution
		{6E06681A-2D89-4ABE-BD53-10663426D811}.Debug|Any CPU.ActiveCfg = Debug|Any CPU
		{6E06681A-2D89-4ABE-BD53-10663426D811}.Debug|Any CPU.Build.0 = Debug|Any CPU
		{6E06681A-2D89-4ABE-BD53-10663426D811}.Release|Any CPU.ActiveCfg = Release|Any CPU
		{6E06681A-2D89-4ABE-BD53-10663426D811}.Release|Any CPU.Build.0 = Release|Any CPU
	EndGlobalSection
	GlobalSection(SolutionProperties) = preSolution
		HideSolutionNode = FALSE
	EndGlobalSection
	GlobalSection(ExtensibilityGlobals) = postSolution
		SolutionGuid = {B1C49F5D-86AA-4F9A-933A-D9B9D2402963}
	EndGlobalSection
EndGlobal
